
Microsoft Visual Studio Solution File, Format Version 12.00
# Visual Studio Version 16
VisualStudioVersion = 16.0.31515.178
MinimumVisualStudioVersion = 10.0.40219.1
Project("{FAE04EC0-301F-11D3-BF4B-00C04F79EFBC}") = "TP Nº1", "TP Nº1.csproj", "{4E2547AC-FD6A-47A8-BA2A-0B2FB17FE786}"
EndProject
Global
	GlobalSection(SolutionConfigurationPlatforms) = preSolution
		Debug|Any CPU = Debug|Any CPU
		Release|Any CPU = Release|Any CPU
	EndGlobalSection
	GlobalSection(ProjectConfigurationPlatforms) = postSolution
		{4E2547AC-FD6A-47A8-BA2A-0B2FB17FE786}.Debug|Any CPU.ActiveCfg = Debug|Any CPU
		{4E2547AC-FD6A-47A8-BA2A-0B2FB17FE786}.Debug|Any CPU.Build.0 = Debug|Any CPU
		{4E2547AC-FD6A-47A8-BA2A-0B2FB17FE786}.Release|Any CPU.ActiveCfg = Release|Any CPU
		{4E2547AC-FD6A-47A8-BA2A-0B2FB17FE786}.Release|Any CPU.Build.0 = Release|Any CPU
	EndGlobalSection
	GlobalSection(SolutionProperties) = preSolution
		HideSolutionNode = FALSE
	EndGlobalSection
	GlobalSection(ExtensibilityGlobals) = postSolution
		SolutionGuid = {02632D77-0FE4-4504-8E82-AD1DBD183FDA}
	EndGlobalSection
EndGlobal
